
Microsoft Visual Studio Solution File, Format Version 12.00
# Visual Studio Version 16
VisualStudioVersion = 16.0.31515.178
MinimumVisualStudioVersion = 10.0.40219.1
Project("{FAE04EC0-301F-11D3-BF4B-00C04F79EFBC}") = "CSharp70", "CSharp70\CSharp70.csproj", "{0CF09558-3D84-4716-B9B3-069C31411C8C}"
EndProject
Project("{FAE04EC0-301F-11D3-BF4B-00C04F79EFBC}") = "CSharp71", "CSharp71\CSharp71.csproj", "{5DD1E8B0-A8E3-4014-8659-FE99D836A62C}"
EndProject
Project("{2150E333-8FDC-42A3-9474-1A3956D46DE8}") = "Solution Items", "Solution Items", "{FD1F80CC-F258-4C88-88B6-96AE2E4E8899}"
	ProjectSection(SolutionItems) = preProject
		LinkCollection.txt = LinkCollection.txt
	EndProjectSection
EndProject
Project("{FAE04EC0-301F-11D3-BF4B-00C04F79EFBC}") = "CSharp72", "CSharp72\CSharp72.csproj", "{33EF734A-9DEB-4131-8076-DB20578B78A0}"
EndProject
Project("{FAE04EC0-301F-11D3-BF4B-00C04F79EFBC}") = "CSharp80", "CSharp80\CSharp80.csproj", "{2E62A7CF-57F1-416B-8BA3-B55681277C10}"
EndProject
Project("{FAE04EC0-301F-11D3-BF4B-00C04F79EFBC}") = "CSharp90", "CSharp90\CSharp90.csproj", "{418C55E7-AA86-464D-873C-88CA6AA4F7E6}"
EndProject
Global
	GlobalSection(SolutionConfigurationPlatforms) = preSolution
		Debug|Any CPU = Debug|Any CPU
		Release|Any CPU = Release|Any CPU
	EndGlobalSection
	GlobalSection(ProjectConfigurationPlatforms) = postSolution
		{0CF09558-3D84-4716-B9B3-069C31411C8C}.Debug|Any CPU.ActiveCfg = Debug|Any CPU
		{0CF09558-3D84-4716-B9B3-069C31411C8C}.Debug|Any CPU.Build.0 = Debug|Any CPU
		{0CF09558-3D84-4716-B9B3-069C31411C8C}.Release|Any CPU.ActiveCfg = Release|Any CPU
		{0CF09558-3D84-4716-B9B3-069C31411C8C}.Release|Any CPU.Build.0 = Release|Any CPU
		{5DD1E8B0-A8E3-4014-8659-FE99D836A62C}.Debug|Any CPU.ActiveCfg = Debug|Any CPU
		{5DD1E8B0-A8E3-4014-8659-FE99D836A62C}.Debug|Any CPU.Build.0 = Debug|Any CPU
		{5DD1E8B0-A8E3-4014-8659-FE99D836A62C}.Release|Any CPU.ActiveCfg = Release|Any CPU
		{5DD1E8B0-A8E3-4014-8659-FE99D836A62C}.Release|Any CPU.Build.0 = Release|Any CPU
		{33EF734A-9DEB-4131-8076-DB20578B78A0}.Debug|Any CPU.ActiveCfg = Debug|Any CPU
		{33EF734A-9DEB-4131-8076-DB20578B78A0}.Debug|Any CPU.Build.0 = Debug|Any CPU
		{33EF734A-9DEB-4131-8076-DB20578B78A0}.Release|Any CPU.ActiveCfg = Release|Any CPU
		{33EF734A-9DEB-4131-8076-DB20578B78A0}.Release|Any CPU.Build.0 = Release|Any CPU
		{2E62A7CF-57F1-416B-8BA3-B55681277C10}.Debug|Any CPU.ActiveCfg = Debug|Any CPU
		{2E62A7CF-57F1-416B-8BA3-B55681277C10}.Debug|Any CPU.Build.0 = Debug|Any CPU
		{2E62A7CF-57F1-416B-8BA3-B55681277C10}.Release|Any CPU.ActiveCfg = Release|Any CPU
		{2E62A7CF-57F1-416B-8BA3-B55681277C10}.Release|Any CPU.Build.0 = Release|Any CPU
		{418C55E7-AA86-464D-873C-88CA6AA4F7E6}.Debug|Any CPU.ActiveCfg = Debug|Any CPU
		{418C55E7-AA86-464D-873C-88CA6AA4F7E6}.Debug|Any CPU.Build.0 = Debug|Any CPU
		{418C55E7-AA86-464D-873C-88CA6AA4F7E6}.Release|Any CPU.ActiveCfg = Release|Any CPU
		{418C55E7-AA86-464D-873C-88CA6AA4F7E6}.Release|Any CPU.Build.0 = Release|Any CPU
	EndGlobalSection
	GlobalSection(SolutionProperties) = preSolution
		HideSolutionNode = FALSE
	EndGlobalSection
	GlobalSection(ExtensibilityGlobals) = postSolution
		SolutionGuid = {DCBAEF9F-3CAA-46BF-BA4D-17EBA70B10C8}
	EndGlobalSection
EndGlobal
