
Microsoft Visual Studio Solution File, Format Version 12.00
# Visual Studio Version 16
VisualStudioVersion = 16.0.31515.178
MinimumVisualStudioVersion = 10.0.40219.1
Project("{FAE04EC0-301F-11D3-BF4B-00C04F79EFBC}") = "CSharp70", "CSharp70\CSharp70.csproj", "{0CF09558-3D84-4716-B9B3-069C31411C8C}"
EndProject
Project("{FAE04EC0-301F-11D3-BF4B-00C04F79EFBC}") = "CSharp71", "CSharp71\CSharp71.csproj", "{5DD1E8B0-A8E3-4014-8659-FE99D836A62C}"
EndProject
Project("{2150E333-8FDC-42A3-9474-1A3956D46DE8}") = "Solution Items", "Solution Items", "{FD1F80CC-F258-4C88-88B6-96AE2E4E8899}"
	ProjectSection(SolutionItems) = preProject
		Agenda.md = Agenda.md
		LinkCollection.txt = LinkCollection.txt
	EndProjectSection
EndProject
Project("{FAE04EC0-301F-11D3-BF4B-00C04F79EFBC}") = "CSharp72", "CSharp72\CSharp72.csproj", "{33EF734A-9DEB-4131-8076-DB20578B78A0}"
EndProject
Project("{FAE04EC0-301F-11D3-BF4B-00C04F79EFBC}") = "CSharp80", "CSharp80\CSharp80.csproj", "{2E62A7CF-57F1-416B-8BA3-B55681277C10}"
EndProject
Project("{FAE04EC0-301F-11D3-BF4B-00C04F79EFBC}") = "CSharp90", "CSharp90\CSharp90.csproj", "{418C55E7-AA86-464D-873C-88CA6AA4F7E6}"
EndProject
Project("{2150E333-8FDC-42A3-9474-1A3956D46DE8}") = "Sprachfeatures", "Sprachfeatures", "{4D0E8B98-1E5C-4B2C-8D3B-A5A0288EE3FD}"
EndProject
Project("{FAE04EC0-301F-11D3-BF4B-00C04F79EFBC}") = "SOLID_SingleResponsibilityPrincip", "SOLID_SingleResponsibilityPrincip\SOLID_SingleResponsibilityPrincip.csproj", "{D1D23A30-4A34-456F-AF40-9E8C3C1E3EEB}"
EndProject
Project("{FAE04EC0-301F-11D3-BF4B-00C04F79EFBC}") = "SOLID_OpenClosePrincip", "SOLID_OpenClosePrincip\SOLID_OpenClosePrincip.csproj", "{1AFDBC1F-1540-445A-BE89-B453DD547AB3}"
EndProject
Project("{FAE04EC0-301F-11D3-BF4B-00C04F79EFBC}") = "SOLID_LizkovPrincip", "SOLID_LizkovPrincip\SOLID_LizkovPrincip.csproj", "{E4ED448C-E2DC-4C2E-9FFB-7ECACB01F292}"
EndProject
Project("{FAE04EC0-301F-11D3-BF4B-00C04F79EFBC}") = "SOLID_DependencyInversionPattern", "SOLID_DependencyInversionPattern\SOLID_DependencyInversionPattern.csproj", "{E01E3A34-C863-4DF0-BAC7-FE0FF281ADBA}"
EndProject
Project("{FAE04EC0-301F-11D3-BF4B-00C04F79EFBC}") = "SOLID_InterfaceSegregationPrincip", "SOLID_InterfaceSegregationPrincip\SOLID_InterfaceSegregationPrincip.csproj", "{69EE697F-621C-4B9B-90E4-9AAA0103E787}"
EndProject
Project("{2150E333-8FDC-42A3-9474-1A3956D46DE8}") = "SOLID", "SOLID", "{F37835F5-E9F2-429D-9D2E-147F20B1CAFC}"
EndProject
Project("{9A19103F-16F7-4668-BE54-9A1E7A4F7556}") = "StringBuilderBenchmarkDemo", "StringBuilderBenchmarkDemo\StringBuilderBenchmarkDemo.csproj", "{384DEF1F-CF68-4359-AC1E-2DFE6724183D}"
EndProject
Project("{9A19103F-16F7-4668-BE54-9A1E7A4F7556}") = "Übung_Solid1", "Übung_Solid1\Übung_Solid1.csproj", "{C965D736-BC97-4191-BAD3-0802A346ADC5}"
EndProject
Project("{9A19103F-16F7-4668-BE54-9A1E7A4F7556}") = "Übung_Solid2", "Übung_Solid2\Übung_Solid2.csproj", "{56929FCD-0618-416A-BA53-FB816AD2D495}"
EndProject
Global
	GlobalSection(SolutionConfigurationPlatforms) = preSolution
		Debug|Any CPU = Debug|Any CPU
		Release|Any CPU = Release|Any CPU
	EndGlobalSection
	GlobalSection(ProjectConfigurationPlatforms) = postSolution
		{0CF09558-3D84-4716-B9B3-069C31411C8C}.Debug|Any CPU.ActiveCfg = Debug|Any CPU
		{0CF09558-3D84-4716-B9B3-069C31411C8C}.Debug|Any CPU.Build.0 = Debug|Any CPU
		{0CF09558-3D84-4716-B9B3-069C31411C8C}.Release|Any CPU.ActiveCfg = Release|Any CPU
		{0CF09558-3D84-4716-B9B3-069C31411C8C}.Release|Any CPU.Build.0 = Release|Any CPU
		{5DD1E8B0-A8E3-4014-8659-FE99D836A62C}.Debug|Any CPU.ActiveCfg = Debug|Any CPU
		{5DD1E8B0-A8E3-4014-8659-FE99D836A62C}.Debug|Any CPU.Build.0 = Debug|Any CPU
		{5DD1E8B0-A8E3-4014-8659-FE99D836A62C}.Release|Any CPU.ActiveCfg = Release|Any CPU
		{5DD1E8B0-A8E3-4014-8659-FE99D836A62C}.Release|Any CPU.Build.0 = Release|Any CPU
		{33EF734A-9DEB-4131-8076-DB20578B78A0}.Debug|Any CPU.ActiveCfg = Debug|Any CPU
		{33EF734A-9DEB-4131-8076-DB20578B78A0}.Debug|Any CPU.Build.0 = Debug|Any CPU
		{33EF734A-9DEB-4131-8076-DB20578B78A0}.Release|Any CPU.ActiveCfg = Release|Any CPU
		{33EF734A-9DEB-4131-8076-DB20578B78A0}.Release|Any CPU.Build.0 = Release|Any CPU
		{2E62A7CF-57F1-416B-8BA3-B55681277C10}.Debug|Any CPU.ActiveCfg = Debug|Any CPU
		{2E62A7CF-57F1-416B-8BA3-B55681277C10}.Debug|Any CPU.Build.0 = Debug|Any CPU
		{2E62A7CF-57F1-416B-8BA3-B55681277C10}.Release|Any CPU.ActiveCfg = Release|Any CPU
		{2E62A7CF-57F1-416B-8BA3-B55681277C10}.Release|Any CPU.Build.0 = Release|Any CPU
		{418C55E7-AA86-464D-873C-88CA6AA4F7E6}.Debug|Any CPU.ActiveCfg = Debug|Any CPU
		{418C55E7-AA86-464D-873C-88CA6AA4F7E6}.Debug|Any CPU.Build.0 = Debug|Any CPU
		{418C55E7-AA86-464D-873C-88CA6AA4F7E6}.Release|Any CPU.ActiveCfg = Release|Any CPU
		{418C55E7-AA86-464D-873C-88CA6AA4F7E6}.Release|Any CPU.Build.0 = Release|Any CPU
		{D1D23A30-4A34-456F-AF40-9E8C3C1E3EEB}.Debug|Any CPU.ActiveCfg = Debug|Any CPU
		{D1D23A30-4A34-456F-AF40-9E8C3C1E3EEB}.Debug|Any CPU.Build.0 = Debug|Any CPU
		{D1D23A30-4A34-456F-AF40-9E8C3C1E3EEB}.Release|Any CPU.ActiveCfg = Release|Any CPU
		{D1D23A30-4A34-456F-AF40-9E8C3C1E3EEB}.Release|Any CPU.Build.0 = Release|Any CPU
		{1AFDBC1F-1540-445A-BE89-B453DD547AB3}.Debug|Any CPU.ActiveCfg = Debug|Any CPU
		{1AFDBC1F-1540-445A-BE89-B453DD547AB3}.Debug|Any CPU.Build.0 = Debug|Any CPU
		{1AFDBC1F-1540-445A-BE89-B453DD547AB3}.Release|Any CPU.ActiveCfg = Release|Any CPU
		{1AFDBC1F-1540-445A-BE89-B453DD547AB3}.Release|Any CPU.Build.0 = Release|Any CPU
		{E4ED448C-E2DC-4C2E-9FFB-7ECACB01F292}.Debug|Any CPU.ActiveCfg = Debug|Any CPU
		{E4ED448C-E2DC-4C2E-9FFB-7ECACB01F292}.Debug|Any CPU.Build.0 = Debug|Any CPU
		{E4ED448C-E2DC-4C2E-9FFB-7ECACB01F292}.Release|Any CPU.ActiveCfg = Release|Any CPU
		{E4ED448C-E2DC-4C2E-9FFB-7ECACB01F292}.Release|Any CPU.Build.0 = Release|Any CPU
		{E01E3A34-C863-4DF0-BAC7-FE0FF281ADBA}.Debug|Any CPU.ActiveCfg = Debug|Any CPU
		{E01E3A34-C863-4DF0-BAC7-FE0FF281ADBA}.Debug|Any CPU.Build.0 = Debug|Any CPU
		{E01E3A34-C863-4DF0-BAC7-FE0FF281ADBA}.Release|Any CPU.ActiveCfg = Release|Any CPU
		{E01E3A34-C863-4DF0-BAC7-FE0FF281ADBA}.Release|Any CPU.Build.0 = Release|Any CPU
		{69EE697F-621C-4B9B-90E4-9AAA0103E787}.Debug|Any CPU.ActiveCfg = Debug|Any CPU
		{69EE697F-621C-4B9B-90E4-9AAA0103E787}.Debug|Any CPU.Build.0 = Debug|Any CPU
		{69EE697F-621C-4B9B-90E4-9AAA0103E787}.Release|Any CPU.ActiveCfg = Release|Any CPU
		{69EE697F-621C-4B9B-90E4-9AAA0103E787}.Release|Any CPU.Build.0 = Release|Any CPU
		{384DEF1F-CF68-4359-AC1E-2DFE6724183D}.Debug|Any CPU.ActiveCfg = Debug|Any CPU
		{384DEF1F-CF68-4359-AC1E-2DFE6724183D}.Debug|Any CPU.Build.0 = Debug|Any CPU
		{384DEF1F-CF68-4359-AC1E-2DFE6724183D}.Release|Any CPU.ActiveCfg = Release|Any CPU
		{384DEF1F-CF68-4359-AC1E-2DFE6724183D}.Release|Any CPU.Build.0 = Release|Any CPU
		{C965D736-BC97-4191-BAD3-0802A346ADC5}.Debug|Any CPU.ActiveCfg = Debug|Any CPU
		{C965D736-BC97-4191-BAD3-0802A346ADC5}.Debug|Any CPU.Build.0 = Debug|Any CPU
		{C965D736-BC97-4191-BAD3-0802A346ADC5}.Release|Any CPU.ActiveCfg = Release|Any CPU
		{C965D736-BC97-4191-BAD3-0802A346ADC5}.Release|Any CPU.Build.0 = Release|Any CPU
		{56929FCD-0618-416A-BA53-FB816AD2D495}.Debug|Any CPU.ActiveCfg = Debug|Any CPU
		{56929FCD-0618-416A-BA53-FB816AD2D495}.Debug|Any CPU.Build.0 = Debug|Any CPU
		{56929FCD-0618-416A-BA53-FB816AD2D495}.Release|Any CPU.ActiveCfg = Release|Any CPU
		{56929FCD-0618-416A-BA53-FB816AD2D495}.Release|Any CPU.Build.0 = Release|Any CPU
	EndGlobalSection
	GlobalSection(SolutionProperties) = preSolution
		HideSolutionNode = FALSE
	EndGlobalSection
	GlobalSection(NestedProjects) = preSolution
		{0CF09558-3D84-4716-B9B3-069C31411C8C} = {4D0E8B98-1E5C-4B2C-8D3B-A5A0288EE3FD}
		{5DD1E8B0-A8E3-4014-8659-FE99D836A62C} = {4D0E8B98-1E5C-4B2C-8D3B-A5A0288EE3FD}
		{33EF734A-9DEB-4131-8076-DB20578B78A0} = {4D0E8B98-1E5C-4B2C-8D3B-A5A0288EE3FD}
		{2E62A7CF-57F1-416B-8BA3-B55681277C10} = {4D0E8B98-1E5C-4B2C-8D3B-A5A0288EE3FD}
		{418C55E7-AA86-464D-873C-88CA6AA4F7E6} = {4D0E8B98-1E5C-4B2C-8D3B-A5A0288EE3FD}
		{D1D23A30-4A34-456F-AF40-9E8C3C1E3EEB} = {F37835F5-E9F2-429D-9D2E-147F20B1CAFC}
		{1AFDBC1F-1540-445A-BE89-B453DD547AB3} = {F37835F5-E9F2-429D-9D2E-147F20B1CAFC}
		{E4ED448C-E2DC-4C2E-9FFB-7ECACB01F292} = {F37835F5-E9F2-429D-9D2E-147F20B1CAFC}
		{E01E3A34-C863-4DF0-BAC7-FE0FF281ADBA} = {F37835F5-E9F2-429D-9D2E-147F20B1CAFC}
		{69EE697F-621C-4B9B-90E4-9AAA0103E787} = {F37835F5-E9F2-429D-9D2E-147F20B1CAFC}
		{C965D736-BC97-4191-BAD3-0802A346ADC5} = {F37835F5-E9F2-429D-9D2E-147F20B1CAFC}
		{56929FCD-0618-416A-BA53-FB816AD2D495} = {F37835F5-E9F2-429D-9D2E-147F20B1CAFC}
	EndGlobalSection
	GlobalSection(ExtensibilityGlobals) = postSolution
		SolutionGuid = {DCBAEF9F-3CAA-46BF-BA4D-17EBA70B10C8}
	EndGlobalSection
EndGlobal
